
Microsoft Visual Studio Solution File, Format Version 12.00
# Visual Studio Version 16
VisualStudioVersion = 16.0.30002.166
MinimumVisualStudioVersion = 10.0.40219.1
Project("{FAE04EC0-301F-11D3-BF4B-00C04F79EFBC}") = "WaterIot", "WaterIot\WaterIot.csproj", "{B07E690D-6F2C-48BF-848F-F573A8A7C6A2}"
EndProject
Global
	GlobalSection(SolutionConfigurationPlatforms) = preSolution
		Debug|Any CPU = Debug|Any CPU
		Release|Any CPU = Release|Any CPU
	EndGlobalSection
	GlobalSection(ProjectConfigurationPlatforms) = postSolution
		{B07E690D-6F2C-48BF-848F-F573A8A7C6A2}.Debug|Any CPU.ActiveCfg = Debug|Any CPU
		{B07E690D-6F2C-48BF-848F-F573A8A7C6A2}.Debug|Any CPU.Build.0 = Debug|Any CPU
		{B07E690D-6F2C-48BF-848F-F573A8A7C6A2}.Release|Any CPU.ActiveCfg = Release|Any CPU
		{B07E690D-6F2C-48BF-848F-F573A8A7C6A2}.Release|Any CPU.Build.0 = Release|Any CPU
	EndGlobalSection
	GlobalSection(SolutionProperties) = preSolution
		HideSolutionNode = FALSE
	EndGlobalSection
	GlobalSection(ExtensibilityGlobals) = postSolution
		SolutionGuid = {AA2BFABC-84F3-4771-A0C3-91878D6F4938}
	EndGlobalSection
EndGlobal
